
Microsoft Visual Studio Solution File, Format Version 12.00
# Visual Studio Version 16
VisualStudioVersion = 16.0.29318.209
MinimumVisualStudioVersion = 10.0.40219.1
Project("{FAE04EC0-301F-11D3-BF4B-00C04F79EFBC}") = "KGMIPiPK", "KGMIPiPK.csproj", "{77F10189-423F-4AE7-89BB-A2A1CCBA16ED}"
EndProject
Global
	GlobalSection(SolutionConfigurationPlatforms) = preSolution
		Debug|Any CPU = Debug|Any CPU
		Release|Any CPU = Release|Any CPU
	EndGlobalSection
	GlobalSection(ProjectConfigurationPlatforms) = postSolution
		{77F10189-423F-4AE7-89BB-A2A1CCBA16ED}.Debug|Any CPU.ActiveCfg = Debug|Any CPU
		{77F10189-423F-4AE7-89BB-A2A1CCBA16ED}.Debug|Any CPU.Build.0 = Debug|Any CPU
		{77F10189-423F-4AE7-89BB-A2A1CCBA16ED}.Release|Any CPU.ActiveCfg = Release|Any CPU
		{77F10189-423F-4AE7-89BB-A2A1CCBA16ED}.Release|Any CPU.Build.0 = Release|Any CPU
	EndGlobalSection
	GlobalSection(SolutionProperties) = preSolution
		HideSolutionNode = FALSE
	EndGlobalSection
	GlobalSection(ExtensibilityGlobals) = postSolution
		SolutionGuid = {97D92C48-59EA-44E0-A158-A062D7AB326C}
	EndGlobalSection
EndGlobal
